// !$*UTF8*$!
{
	archiveVersion = 1;
	classes = {
	};
	objectVersion = 46;
	objects = {

/* Begin PBXBuildFile section */
		223A8B7E1AE1773B0045701B /* AppDelegate.swift in Sources */ = {isa = PBXBuildFile; fileRef = 223A8B7D1AE1773B0045701B /* AppDelegate.swift */; };
		223A8B851AE1773B0045701B /* Images.xcassets in Resources */ = {isa = PBXBuildFile; fileRef = 223A8B841AE1773B0045701B /* Images.xcassets */; };
		223A8B881AE1773B0045701B /* LaunchScreen.xib in Resources */ = {isa = PBXBuildFile; fileRef = 223A8B861AE1773B0045701B /* LaunchScreen.xib */; };
		223A8B941AE1773C0045701B /* iKGKTests.swift in Sources */ = {isa = PBXBuildFile; fileRef = 223A8B931AE1773C0045701B /* iKGKTests.swift */; };
		223A8B9E1AE17A000045701B /* stylesheet.cas in Resources */ = {isa = PBXBuildFile; fileRef = 223A8B9D1AE17A000045701B /* stylesheet.cas */; };
		223A8BA01AE17A380045701B /* MainController.swift in Sources */ = {isa = PBXBuildFile; fileRef = 223A8B9F1AE17A380045701B /* MainController.swift */; };
		223A8BA31AE190670045701B /* MainButton.swift in Sources */ = {isa = PBXBuildFile; fileRef = 223A8BA21AE190670045701B /* MainButton.swift */; };
		223A8BA61AE1912B0045701B /* CompositeView.swift in Sources */ = {isa = PBXBuildFile; fileRef = 223A8BA51AE1912B0045701B /* CompositeView.swift */; };
		223A8BA81AE195460045701B /* Podfile in Resources */ = {isa = PBXBuildFile; fileRef = 223A8BA71AE195460045701B /* Podfile */; };
		223A8BAA1AE2B9790045701B /* WebViewController.swift in Sources */ = {isa = PBXBuildFile; fileRef = 223A8BA91AE2B9790045701B /* WebViewController.swift */; };
		223A8BAC1AE3BFD90045701B /* UrlProvider.swift in Sources */ = {isa = PBXBuildFile; fileRef = 223A8BAB1AE3BFD90045701B /* UrlProvider.swift */; };
		22BA15921AEC349C00632E90 /* DataDownloader.swift in Sources */ = {isa = PBXBuildFile; fileRef = 22BA15911AEC349C00632E90 /* DataDownloader.swift */; };
		22D02C701AE410B00051E008 /* LoadingController.swift in Sources */ = {isa = PBXBuildFile; fileRef = 22D02C6F1AE410B00051E008 /* LoadingController.swift */; };
		22D02C721AE4195C0051E008 /* ClassModel.swift in Sources */ = {isa = PBXBuildFile; fileRef = 22D02C711AE4195C0051E008 /* ClassModel.swift */; };
		22D02C741AE41DBF0051E008 /* RLMSupport.swift in Sources */ = {isa = PBXBuildFile; fileRef = 22D02C731AE41DBF0051E008 /* RLMSupport.swift */; };
		22D02C771AE4239D0051E008 /* TeacherModel.swift in Sources */ = {isa = PBXBuildFile; fileRef = 22D02C761AE4239D0051E008 /* TeacherModel.swift */; };
		22D02C791AE42F560051E008 /* ChoosingController.swift in Sources */ = {isa = PBXBuildFile; fileRef = 22D02C781AE42F560051E008 /* ChoosingController.swift */; };
		22D02C7B1AE558E70051E008 /* ChooserTableCell.swift in Sources */ = {isa = PBXBuildFile; fileRef = 22D02C7A1AE558E70051E008 /* ChooserTableCell.swift */; };
		22D02C7D1AE577530051E008 /* Preferences.swift in Sources */ = {isa = PBXBuildFile; fileRef = 22D02C7C1AE577530051E008 /* Preferences.swift */; };
		9DCD2BDE8CCE6552DEC7F616 /* Pods.framework in Frameworks */ = {isa = PBXBuildFile; fileRef = 9975710D366AD9E5141715AB /* Pods.framework */; settings = {ATTRIBUTES = (Weak, ); }; };
/* End PBXBuildFile section */

/* Begin PBXContainerItemProxy section */
		223A8B8E1AE1773C0045701B /* PBXContainerItemProxy */ = {
			isa = PBXContainerItemProxy;
			containerPortal = 223A8B701AE1773B0045701B /* Project object */;
			proxyType = 1;
			remoteGlobalIDString = 223A8B771AE1773B0045701B;
			remoteInfo = iKGK;
		};
/* End PBXContainerItemProxy section */

/* Begin PBXFileReference section */
		223A8B781AE1773B0045701B /* iKGK.app */ = {isa = PBXFileReference; explicitFileType = wrapper.application; includeInIndex = 0; path = iKGK.app; sourceTree = BUILT_PRODUCTS_DIR; };
		223A8B7C1AE1773B0045701B /* Info.plist */ = {isa = PBXFileReference; lastKnownFileType = text.plist.xml; path = Info.plist; sourceTree = "<group>"; };
		223A8B7D1AE1773B0045701B /* AppDelegate.swift */ = {isa = PBXFileReference; lastKnownFileType = sourcecode.swift; path = AppDelegate.swift; sourceTree = "<group>"; };
		223A8B841AE1773B0045701B /* Images.xcassets */ = {isa = PBXFileReference; lastKnownFileType = folder.assetcatalog; path = Images.xcassets; sourceTree = "<group>"; };
		223A8B871AE1773B0045701B /* Base */ = {isa = PBXFileReference; lastKnownFileType = file.xib; name = Base; path = Base.lproj/LaunchScreen.xib; sourceTree = "<group>"; };
		223A8B8D1AE1773C0045701B /* iKGKTests.xctest */ = {isa = PBXFileReference; explicitFileType = wrapper.cfbundle; includeInIndex = 0; path = iKGKTests.xctest; sourceTree = BUILT_PRODUCTS_DIR; };
		223A8B921AE1773C0045701B /* Info.plist */ = {isa = PBXFileReference; lastKnownFileType = text.plist.xml; path = Info.plist; sourceTree = "<group>"; };
		223A8B931AE1773C0045701B /* iKGKTests.swift */ = {isa = PBXFileReference; lastKnownFileType = sourcecode.swift; path = iKGKTests.swift; sourceTree = "<group>"; };
		223A8B9D1AE17A000045701B /* stylesheet.cas */ = {isa = PBXFileReference; fileEncoding = 4; lastKnownFileType = text; path = stylesheet.cas; sourceTree = "<group>"; };
		223A8B9F1AE17A380045701B /* MainController.swift */ = {isa = PBXFileReference; fileEncoding = 4; lastKnownFileType = sourcecode.swift; path = MainController.swift; sourceTree = "<group>"; };
		223A8BA21AE190670045701B /* MainButton.swift */ = {isa = PBXFileReference; fileEncoding = 4; lastKnownFileType = sourcecode.swift; path = MainButton.swift; sourceTree = "<group>"; };
		223A8BA51AE1912B0045701B /* CompositeView.swift */ = {isa = PBXFileReference; fileEncoding = 4; lastKnownFileType = sourcecode.swift; name = CompositeView.swift; path = "../../o3-meeting-assistant-ios/o3-meeting-assistant-ios/Utils/CompositeView.swift"; sourceTree = "<group>"; };
		223A8BA71AE195460045701B /* Podfile */ = {isa = PBXFileReference; lastKnownFileType = text; path = Podfile; sourceTree = "<group>"; xcLanguageSpecificationIdentifier = xcode.lang.ruby; };
		223A8BA91AE2B9790045701B /* WebViewController.swift */ = {isa = PBXFileReference; fileEncoding = 4; lastKnownFileType = sourcecode.swift; path = WebViewController.swift; sourceTree = "<group>"; };
		223A8BAB1AE3BFD90045701B /* UrlProvider.swift */ = {isa = PBXFileReference; fileEncoding = 4; lastKnownFileType = sourcecode.swift; path = UrlProvider.swift; sourceTree = "<group>"; };
		22BA15911AEC349C00632E90 /* DataDownloader.swift */ = {isa = PBXFileReference; fileEncoding = 4; lastKnownFileType = sourcecode.swift; path = DataDownloader.swift; sourceTree = "<group>"; };
		22D02C6F1AE410B00051E008 /* LoadingController.swift */ = {isa = PBXFileReference; fileEncoding = 4; lastKnownFileType = sourcecode.swift; path = LoadingController.swift; sourceTree = "<group>"; };
		22D02C711AE4195C0051E008 /* ClassModel.swift */ = {isa = PBXFileReference; fileEncoding = 4; lastKnownFileType = sourcecode.swift; path = ClassModel.swift; sourceTree = "<group>"; };
		22D02C731AE41DBF0051E008 /* RLMSupport.swift */ = {isa = PBXFileReference; fileEncoding = 4; lastKnownFileType = sourcecode.swift; path = RLMSupport.swift; sourceTree = "<group>"; };
		22D02C761AE4239D0051E008 /* TeacherModel.swift */ = {isa = PBXFileReference; fileEncoding = 4; lastKnownFileType = sourcecode.swift; path = TeacherModel.swift; sourceTree = "<group>"; };
		22D02C781AE42F560051E008 /* ChoosingController.swift */ = {isa = PBXFileReference; fileEncoding = 4; lastKnownFileType = sourcecode.swift; path = ChoosingController.swift; sourceTree = "<group>"; };
		22D02C7A1AE558E70051E008 /* ChooserTableCell.swift */ = {isa = PBXFileReference; fileEncoding = 4; lastKnownFileType = sourcecode.swift; path = ChooserTableCell.swift; sourceTree = "<group>"; };
		22D02C7C1AE577530051E008 /* Preferences.swift */ = {isa = PBXFileReference; fileEncoding = 4; lastKnownFileType = sourcecode.swift; path = Preferences.swift; sourceTree = "<group>"; };
		464B33C1DC3EA4FE4A05B0F6 /* Pods.debug.xcconfig */ = {isa = PBXFileReference; includeInIndex = 1; lastKnownFileType = text.xcconfig; name = Pods.debug.xcconfig; path = "Pods/Target Support Files/Pods/Pods.debug.xcconfig"; sourceTree = "<group>"; };
		6BF06065058C9F6ADE2968A8 /* Pods.release.xcconfig */ = {isa = PBXFileReference; includeInIndex = 1; lastKnownFileType = text.xcconfig; name = Pods.release.xcconfig; path = "Pods/Target Support Files/Pods/Pods.release.xcconfig"; sourceTree = "<group>"; };
		9975710D366AD9E5141715AB /* Pods.framework */ = {isa = PBXFileReference; explicitFileType = wrapper.framework; includeInIndex = 0; path = Pods.framework; sourceTree = BUILT_PRODUCTS_DIR; };
/* End PBXFileReference section */

/* Begin PBXFrameworksBuildPhase section */
		223A8B751AE1773B0045701B /* Frameworks */ = {
			isa = PBXFrameworksBuildPhase;
			buildActionMask = 2147483647;
			files = (
				9DCD2BDE8CCE6552DEC7F616 /* Pods.framework in Frameworks */,
			);
			runOnlyForDeploymentPostprocessing = 0;
		};
		223A8B8A1AE1773C0045701B /* Frameworks */ = {
			isa = PBXFrameworksBuildPhase;
			buildActionMask = 2147483647;
			files = (
			);
			runOnlyForDeploymentPostprocessing = 0;
		};
/* End PBXFrameworksBuildPhase section */

/* Begin PBXGroup section */
		223A8B6F1AE1773B0045701B = {
			isa = PBXGroup;
			children = (
				223A8BA71AE195460045701B /* Podfile */,
				223A8B7A1AE1773B0045701B /* iKGK */,
				223A8B901AE1773C0045701B /* iKGKTests */,
				223A8B791AE1773B0045701B /* Products */,
				8207EC73164364DAFE875F9D /* Pods */,
				4CA9785AD9A0E9A2F96D8BAD /* Frameworks */,
			);
			sourceTree = "<group>";
		};
		223A8B791AE1773B0045701B /* Products */ = {
			isa = PBXGroup;
			children = (
				223A8B781AE1773B0045701B /* iKGK.app */,
				223A8B8D1AE1773C0045701B /* iKGKTests.xctest */,
			);
			name = Products;
			sourceTree = "<group>";
		};
		223A8B7A1AE1773B0045701B /* iKGK */ = {
			isa = PBXGroup;
			children = (
				223A8B7D1AE1773B0045701B /* AppDelegate.swift */,
				223A8B841AE1773B0045701B /* Images.xcassets */,
				223A8B861AE1773B0045701B /* LaunchScreen.xib */,
				223A8B7B1AE1773B0045701B /* Supporting Files */,
				223A8BA11AE17A870045701B /* Controller */,
				223A8BA41AE190E80045701B /* View */,
				223A8BAE1AE3C1DE0045701B /* Utility */,
				22D02C751AE422C90051E008 /* Model */,
			);
			path = iKGK;
			sourceTree = "<group>";
		};
		223A8B7B1AE1773B0045701B /* Supporting Files */ = {
			isa = PBXGroup;
			children = (
				223A8B7C1AE1773B0045701B /* Info.plist */,
				223A8B9D1AE17A000045701B /* stylesheet.cas */,
			);
			name = "Supporting Files";
			sourceTree = "<group>";
		};
		223A8B901AE1773C0045701B /* iKGKTests */ = {
			isa = PBXGroup;
			children = (
				223A8B931AE1773C0045701B /* iKGKTests.swift */,
				223A8B911AE1773C0045701B /* Supporting Files */,
			);
			path = iKGKTests;
			sourceTree = "<group>";
		};
		223A8B911AE1773C0045701B /* Supporting Files */ = {
			isa = PBXGroup;
			children = (
				223A8B921AE1773C0045701B /* Info.plist */,
			);
			name = "Supporting Files";
			sourceTree = "<group>";
		};
		223A8BA11AE17A870045701B /* Controller */ = {
			isa = PBXGroup;
			children = (
				223A8B9F1AE17A380045701B /* MainController.swift */,
				223A8BA91AE2B9790045701B /* WebViewController.swift */,
				22D02C6F1AE410B00051E008 /* LoadingController.swift */,
				22D02C781AE42F560051E008 /* ChoosingController.swift */,
			);
			name = Controller;
			sourceTree = "<group>";
		};
		223A8BA41AE190E80045701B /* View */ = {
			isa = PBXGroup;
			children = (
				223A8BA51AE1912B0045701B /* CompositeView.swift */,
				223A8BA21AE190670045701B /* MainButton.swift */,
				22D02C7A1AE558E70051E008 /* ChooserTableCell.swift */,
			);
			name = View;
			sourceTree = "<group>";
		};
		223A8BAE1AE3C1DE0045701B /* Utility */ = {
			isa = PBXGroup;
			children = (
				22D02C731AE41DBF0051E008 /* RLMSupport.swift */,
				223A8BAB1AE3BFD90045701B /* UrlProvider.swift */,
				22D02C7C1AE577530051E008 /* Preferences.swift */,
				22BA15911AEC349C00632E90 /* DataDownloader.swift */,
			);
			name = Utility;
			sourceTree = "<group>";
		};
		22D02C751AE422C90051E008 /* Model */ = {
			isa = PBXGroup;
			children = (
				22D02C711AE4195C0051E008 /* ClassModel.swift */,
				22D02C761AE4239D0051E008 /* TeacherModel.swift */,
			);
			name = Model;
			sourceTree = "<group>";
		};
		4CA9785AD9A0E9A2F96D8BAD /* Frameworks */ = {
			isa = PBXGroup;
			children = (
				9975710D366AD9E5141715AB /* Pods.framework */,
			);
			name = Frameworks;
			sourceTree = "<group>";
		};
		8207EC73164364DAFE875F9D /* Pods */ = {
			isa = PBXGroup;
			children = (
				464B33C1DC3EA4FE4A05B0F6 /* Pods.debug.xcconfig */,
				6BF06065058C9F6ADE2968A8 /* Pods.release.xcconfig */,
			);
			name = Pods;
			sourceTree = "<group>";
		};
/* End PBXGroup section */

/* Begin PBXNativeTarget section */
		223A8B771AE1773B0045701B /* iKGK */ = {
			isa = PBXNativeTarget;
			buildConfigurationList = 223A8B971AE1773C0045701B /* Build configuration list for PBXNativeTarget "iKGK" */;
			buildPhases = (
				1518BB33C2EDD22EA8B7D4F5 /* Check Pods Manifest.lock */,
				223A8B741AE1773B0045701B /* Sources */,
				223A8B751AE1773B0045701B /* Frameworks */,
				223A8B761AE1773B0045701B /* Resources */,
				7AFC678AC611BDED8FE847F1 /* Embed Pods Frameworks */,
				1EE554AA51240304F6D3D5FC /* Copy Pods Resources */,
			);
			buildRules = (
			);
			dependencies = (
			);
			name = iKGK;
			productName = iKGK;
			productReference = 223A8B781AE1773B0045701B /* iKGK.app */;
			productType = "com.apple.product-type.application";
		};
		223A8B8C1AE1773C0045701B /* iKGKTests */ = {
			isa = PBXNativeTarget;
			buildConfigurationList = 223A8B9A1AE1773C0045701B /* Build configuration list for PBXNativeTarget "iKGKTests" */;
			buildPhases = (
				223A8B891AE1773C0045701B /* Sources */,
				223A8B8A1AE1773C0045701B /* Frameworks */,
				223A8B8B1AE1773C0045701B /* Resources */,
			);
			buildRules = (
			);
			dependencies = (
				223A8B8F1AE1773C0045701B /* PBXTargetDependency */,
			);
			name = iKGKTests;
			productName = iKGKTests;
			productReference = 223A8B8D1AE1773C0045701B /* iKGKTests.xctest */;
			productType = "com.apple.product-type.bundle.unit-test";
		};
/* End PBXNativeTarget section */

/* Begin PBXProject section */
		223A8B701AE1773B0045701B /* Project object */ = {
			isa = PBXProject;
			attributes = {
				LastUpgradeCheck = 0630;
				ORGANIZATIONNAME = KGK;
				TargetAttributes = {
					223A8B771AE1773B0045701B = {
						CreatedOnToolsVersion = 6.3;
					};
					223A8B8C1AE1773C0045701B = {
						CreatedOnToolsVersion = 6.3;
						TestTargetID = 223A8B771AE1773B0045701B;
					};
				};
			};
			buildConfigurationList = 223A8B731AE1773B0045701B /* Build configuration list for PBXProject "iKGK" */;
			compatibilityVersion = "Xcode 3.2";
			developmentRegion = English;
			hasScannedForEncodings = 0;
			knownRegions = (
				en,
				Base,
			);
			mainGroup = 223A8B6F1AE1773B0045701B;
			productRefGroup = 223A8B791AE1773B0045701B /* Products */;
			projectDirPath = "";
			projectRoot = "";
			targets = (
				223A8B771AE1773B0045701B /* iKGK */,
				223A8B8C1AE1773C0045701B /* iKGKTests */,
			);
		};
/* End PBXProject section */

/* Begin PBXResourcesBuildPhase section */
		223A8B761AE1773B0045701B /* Resources */ = {
			isa = PBXResourcesBuildPhase;
			buildActionMask = 2147483647;
			files = (
				223A8BA81AE195460045701B /* Podfile in Resources */,
				223A8B9E1AE17A000045701B /* stylesheet.cas in Resources */,
				223A8B881AE1773B0045701B /* LaunchScreen.xib in Resources */,
				223A8B851AE1773B0045701B /* Images.xcassets in Resources */,
			);
			runOnlyForDeploymentPostprocessing = 0;
		};
		223A8B8B1AE1773C0045701B /* Resources */ = {
			isa = PBXResourcesBuildPhase;
			buildActionMask = 2147483647;
			files = (
			);
			runOnlyForDeploymentPostprocessing = 0;
		};
/* End PBXResourcesBuildPhase section */

/* Begin PBXShellScriptBuildPhase section */
		1518BB33C2EDD22EA8B7D4F5 /* Check Pods Manifest.lock */ = {
			isa = PBXShellScriptBuildPhase;
			buildActionMask = 2147483647;
			files = (
			);
			inputPaths = (
			);
			name = "Check Pods Manifest.lock";
			outputPaths = (
			);
			runOnlyForDeploymentPostprocessing = 0;
			shellPath = /bin/sh;
			shellScript = "diff \"${PODS_ROOT}/../Podfile.lock\" \"${PODS_ROOT}/Manifest.lock\" > /dev/null\nif [[ $? != 0 ]] ; then\n    cat << EOM\nerror: The sandbox is not in sync with the Podfile.lock. Run 'pod install' or update your CocoaPods installation.\nEOM\n    exit 1\nfi\n";
			showEnvVarsInLog = 0;
		};
		1EE554AA51240304F6D3D5FC /* Copy Pods Resources */ = {
			isa = PBXShellScriptBuildPhase;
			buildActionMask = 2147483647;
			files = (
			);
			inputPaths = (
			);
			name = "Copy Pods Resources";
			outputPaths = (
			);
			runOnlyForDeploymentPostprocessing = 0;
			shellPath = /bin/sh;
			shellScript = "\"${SRCROOT}/Pods/Target Support Files/Pods/Pods-resources.sh\"\n";
			showEnvVarsInLog = 0;
		};
		7AFC678AC611BDED8FE847F1 /* Embed Pods Frameworks */ = {
			isa = PBXShellScriptBuildPhase;
			buildActionMask = 2147483647;
			files = (
			);
			inputPaths = (
			);
			name = "Embed Pods Frameworks";
			outputPaths = (
			);
			runOnlyForDeploymentPostprocessing = 0;
			shellPath = /bin/sh;
			shellScript = "\"${SRCROOT}/Pods/Target Support Files/Pods/Pods-frameworks.sh\"\n";
			showEnvVarsInLog = 0;
		};
/* End PBXShellScriptBuildPhase section */

/* Begin PBXSourcesBuildPhase section */
		223A8B741AE1773B0045701B /* Sources */ = {
			isa = PBXSourcesBuildPhase;
			buildActionMask = 2147483647;
			files = (
				22D02C7B1AE558E70051E008 /* ChooserTableCell.swift in Sources */,
				22D02C791AE42F560051E008 /* ChoosingController.swift in Sources */,
				22D02C771AE4239D0051E008 /* TeacherModel.swift in Sources */,
				223A8BAC1AE3BFD90045701B /* UrlProvider.swift in Sources */,
				22D02C741AE41DBF0051E008 /* RLMSupport.swift in Sources */,
				22D02C701AE410B00051E008 /* LoadingController.swift in Sources */,
				22BA15921AEC349C00632E90 /* DataDownloader.swift in Sources */,
				22D02C721AE4195C0051E008 /* ClassModel.swift in Sources */,
				223A8BA61AE1912B0045701B /* CompositeView.swift in Sources */,
				223A8BA01AE17A380045701B /* MainController.swift in Sources */,
				22D02C7D1AE577530051E008 /* Preferences.swift in Sources */,
				223A8B7E1AE1773B0045701B /* AppDelegate.swift in Sources */,
				223A8BAA1AE2B9790045701B /* WebViewController.swift in Sources */,
				223A8BA31AE190670045701B /* MainButton.swift in Sources */,
			);
			runOnlyForDeploymentPostprocessing = 0;
		};
		223A8B891AE1773C0045701B /* Sources */ = {
			isa = PBXSourcesBuildPhase;
			buildActionMask = 2147483647;
			files = (
				223A8B941AE1773C0045701B /* iKGKTests.swift in Sources */,
			);
			runOnlyForDeploymentPostprocessing = 0;
		};
/* End PBXSourcesBuildPhase section */

/* Begin PBXTargetDependency section */
		223A8B8F1AE1773C0045701B /* PBXTargetDependency */ = {
			isa = PBXTargetDependency;
			target = 223A8B771AE1773B0045701B /* iKGK */;
			targetProxy = 223A8B8E1AE1773C0045701B /* PBXContainerItemProxy */;
		};
/* End PBXTargetDependency section */

/* Begin PBXVariantGroup section */
		223A8B861AE1773B0045701B /* LaunchScreen.xib */ = {
			isa = PBXVariantGroup;
			children = (
				223A8B871AE1773B0045701B /* Base */,
			);
			name = LaunchScreen.xib;
			sourceTree = "<group>";
		};
/* End PBXVariantGroup section */

/* Begin XCBuildConfiguration section */
		223A8B951AE1773C0045701B /* Debug */ = {
			isa = XCBuildConfiguration;
			buildSettings = {
				ALWAYS_SEARCH_USER_PATHS = NO;
				CLANG_CXX_LANGUAGE_STANDARD = "gnu++0x";
				CLANG_CXX_LIBRARY = "libc++";
				CLANG_ENABLE_MODULES = YES;
				CLANG_ENABLE_OBJC_ARC = YES;
				CLANG_WARN_BOOL_CONVERSION = YES;
				CLANG_WARN_CONSTANT_CONVERSION = YES;
				CLANG_WARN_DIRECT_OBJC_ISA_USAGE = YES_ERROR;
				CLANG_WARN_EMPTY_BODY = YES;
				CLANG_WARN_ENUM_CONVERSION = YES;
				CLANG_WARN_INT_CONVERSION = YES;
				CLANG_WARN_OBJC_ROOT_CLASS = YES_ERROR;
				CLANG_WARN_UNREACHABLE_CODE = YES;
				CLANG_WARN__DUPLICATE_METHOD_MATCH = YES;
				"CODE_SIGN_IDENTITY[sdk=iphoneos*]" = "iPhone Developer";
				COPY_PHASE_STRIP = NO;
				DEBUG_INFORMATION_FORMAT = "dwarf-with-dsym";
				ENABLE_STRICT_OBJC_MSGSEND = YES;
				GCC_C_LANGUAGE_STANDARD = gnu99;
				GCC_DYNAMIC_NO_PIC = NO;
				GCC_NO_COMMON_BLOCKS = YES;
				GCC_OPTIMIZATION_LEVEL = 0;
				GCC_PREPROCESSOR_DEFINITIONS = (
					"DEBUG=1",
					"$(inherited)",
				);
				GCC_SYMBOLS_PRIVATE_EXTERN = NO;
				GCC_WARN_64_TO_32_BIT_CONVERSION = YES;
				GCC_WARN_ABOUT_RETURN_TYPE = YES_ERROR;
				GCC_WARN_UNDECLARED_SELECTOR = YES;
				GCC_WARN_UNINITIALIZED_AUTOS = YES_AGGRESSIVE;
				GCC_WARN_UNUSED_FUNCTION = YES;
				GCC_WARN_UNUSED_VARIABLE = YES;
				IPHONEOS_DEPLOYMENT_TARGET = 8.3;
				MTL_ENABLE_DEBUG_INFO = YES;
				ONLY_ACTIVE_ARCH = YES;
				SDKROOT = iphoneos;
				SWIFT_OPTIMIZATION_LEVEL = "-Onone";
				TARGETED_DEVICE_FAMILY = "1,2";
			};
			name = Debug;
		};
		223A8B961AE1773C0045701B /* Release */ = {
			isa = XCBuildConfiguration;
			buildSettings = {
				ALWAYS_SEARCH_USER_PATHS = NO;
				CLANG_CXX_LANGUAGE_STANDARD = "gnu++0x";
				CLANG_CXX_LIBRARY = "libc++";
				CLANG_ENABLE_MODULES = YES;
				CLANG_ENABLE_OBJC_ARC = YES;
				CLANG_WARN_BOOL_CONVERSION = YES;
				CLANG_WARN_CONSTANT_CONVERSION = YES;
				CLANG_WARN_DIRECT_OBJC_ISA_USAGE = YES_ERROR;
				CLANG_WARN_EMPTY_BODY = YES;
				CLANG_WARN_ENUM_CONVERSION = YES;
				CLANG_WARN_INT_CONVERSION = YES;
				CLANG_WARN_OBJC_ROOT_CLASS = YES_ERROR;
				CLANG_WARN_UNREACHABLE_CODE = YES;
				CLANG_WARN__DUPLICATE_METHOD_MATCH = YES;
				"CODE_SIGN_IDENTITY[sdk=iphoneos*]" = "iPhone Developer";
				COPY_PHASE_STRIP = NO;
				DEBUG_INFORMATION_FORMAT = "dwarf-with-dsym";
				ENABLE_NS_ASSERTIONS = NO;
				ENABLE_STRICT_OBJC_MSGSEND = YES;
				GCC_C_LANGUAGE_STANDARD = gnu99;
				GCC_NO_COMMON_BLOCKS = YES;
				GCC_WARN_64_TO_32_BIT_CONVERSION = YES;
				GCC_WARN_ABOUT_RETURN_TYPE = YES_ERROR;
				GCC_WARN_UNDECLARED_SELECTOR = YES;
				GCC_WARN_UNINITIALIZED_AUTOS = YES_AGGRESSIVE;
				GCC_WARN_UNUSED_FUNCTION = YES;
				GCC_WARN_UNUSED_VARIABLE = YES;
				IPHONEOS_DEPLOYMENT_TARGET = 8.3;
				MTL_ENABLE_DEBUG_INFO = NO;
				SDKROOT = iphoneos;
				TARGETED_DEVICE_FAMILY = "1,2";
				VALIDATE_PRODUCT = YES;
			};
			name = Release;
		};
		223A8B981AE1773C0045701B /* Debug */ = {
			isa = XCBuildConfiguration;
			baseConfigurationReference = 464B33C1DC3EA4FE4A05B0F6 /* Pods.debug.xcconfig */;
			buildSettings = {
				ASSETCATALOG_COMPILER_APPICON_NAME = AppIcon;
				INFOPLIST_FILE = iKGK/Info.plist;
				LD_RUNPATH_SEARCH_PATHS = "$(inherited) @executable_path/Frameworks";
				PRODUCT_NAME = "$(TARGET_NAME)";
			};
			name = Debug;
		};
		223A8B991AE1773C0045701B /* Release */ = {
			isa = XCBuildConfiguration;
			baseConfigurationReference = 6BF06065058C9F6ADE2968A8 /* Pods.release.xcconfig */;
			buildSettings = {
				ASSETCATALOG_COMPILER_APPICON_NAME = AppIcon;
				INFOPLIST_FILE = iKGK/Info.plist;
				LD_RUNPATH_SEARCH_PATHS = "$(inherited) @executable_path/Frameworks";
				PRODUCT_NAME = "$(TARGET_NAME)";
			};
			name = Release;
		};
		223A8B9B1AE1773C0045701B /* Debug */ = {
			isa = XCBuildConfiguration;
			buildSettings = {
				BUNDLE_LOADER = "$(TEST_HOST)";
				FRAMEWORK_SEARCH_PATHS = (
					"$(SDKROOT)/Developer/Library/Frameworks",
					"$(inherited)",
				);
				GCC_PREPROCESSOR_DEFINITIONS = (
					"DEBUG=1",
					"$(inherited)",
				);
				INFOPLIST_FILE = iKGKTests/Info.plist;
				LD_RUNPATH_SEARCH_PATHS = "$(inherited) @executable_path/Frameworks @loader_path/Frameworks";
				PRODUCT_NAME = "$(TARGET_NAME)";
				TEST_HOST = "$(BUILT_PRODUCTS_DIR)/iKGK.app/iKGK";
			};
			name = Debug;
		};
		223A8B9C1AE1773C0045701B /* Release */ = {
			isa = XCBuildConfiguration;
			buildSettings = {
				BUNDLE_LOADER = "$(TEST_HOST)";
				FRAMEWORK_SEARCH_PATHS = (
					"$(SDKROOT)/Developer/Library/Frameworks",
					"$(inherited)",
				);
				INFOPLIST_FILE = iKGKTests/Info.plist;
				LD_RUNPATH_SEARCH_PATHS = "$(inherited) @executable_path/Frameworks @loader_path/Frameworks";
				PRODUCT_NAME = "$(TARGET_NAME)";
				TEST_HOST = "$(BUILT_PRODUCTS_DIR)/iKGK.app/iKGK";
			};
			name = Release;
		};
/* End XCBuildConfiguration section */

/* Begin XCConfigurationList section */
		223A8B731AE1773B0045701B /* Build configuration list for PBXProject "iKGK" */ = {
			isa = XCConfigurationList;
			buildConfigurations = (
				223A8B951AE1773C0045701B /* Debug */,
				223A8B961AE1773C0045701B /* Release */,
			);
			defaultConfigurationIsVisible = 0;
			defaultConfigurationName = Release;
		};
		223A8B971AE1773C0045701B /* Build configuration list for PBXNativeTarget "iKGK" */ = {
			isa = XCConfigurationList;
			buildConfigurations = (
				223A8B981AE1773C0045701B /* Debug */,
				223A8B991AE1773C0045701B /* Release */,
			);
			defaultConfigurationIsVisible = 0;
			defaultConfigurationName = Release;
		};
		223A8B9A1AE1773C0045701B /* Build configuration list for PBXNativeTarget "iKGKTests" */ = {
			isa = XCConfigurationList;
			buildConfigurations = (
				223A8B9B1AE1773C0045701B /* Debug */,
				223A8B9C1AE1773C0045701B /* Release */,
			);
			defaultConfigurationIsVisible = 0;
			defaultConfigurationName = Release;
		};
/* End XCConfigurationList section */
	};
	rootObject = 223A8B701AE1773B0045701B /* Project object */;
}
